
Microsoft Visual Studio Solution File, Format Version 12.00
# Visual Studio Version 17
VisualStudioVersion = 17.8.34408.163
MinimumVisualStudioVersion = 10.0.40219.1
Project("{FAE04EC0-301F-11D3-BF4B-00C04F79EFBC}") = "CialMVC", "CialMVC.csproj", "{59A97862-6749-4609-A147-3FAA6FAA29D5}"
EndProject
Global
	GlobalSection(SolutionConfigurationPlatforms) = preSolution
		Debug|Any CPU = Debug|Any CPU
		Release|Any CPU = Release|Any CPU
	EndGlobalSection
	GlobalSection(ProjectConfigurationPlatforms) = postSolution
		{59A97862-6749-4609-A147-3FAA6FAA29D5}.Debug|Any CPU.ActiveCfg = Debug|Any CPU
		{59A97862-6749-4609-A147-3FAA6FAA29D5}.Debug|Any CPU.Build.0 = Debug|Any CPU
		{59A97862-6749-4609-A147-3FAA6FAA29D5}.Release|Any CPU.ActiveCfg = Release|Any CPU
		{59A97862-6749-4609-A147-3FAA6FAA29D5}.Release|Any CPU.Build.0 = Release|Any CPU
	EndGlobalSection
	GlobalSection(SolutionProperties) = preSolution
		HideSolutionNode = FALSE
	EndGlobalSection
	GlobalSection(ExtensibilityGlobals) = postSolution
		SolutionGuid = {5A7951CB-9009-49AC-9978-B72DC18BAB5D}
	EndGlobalSection
EndGlobal
